// !$*UTF8*$!
{
	archiveVersion = 1;
	classes = {
	};
	objectVersion = 56;
	objects = {

/* Begin PBXBuildFile section */
		143039242B395E35008DF17D /* App_DecisionDiveApp.swift in Sources */ = {isa = PBXBuildFile; fileRef = 143039232B395E35008DF17D /* App_DecisionDiveApp.swift */; };
		143039262B395E35008DF17D /* ContentView.swift in Sources */ = {isa = PBXBuildFile; fileRef = 143039252B395E35008DF17D /* ContentView.swift */; };
		143039282B395E36008DF17D /* Assets.xcassets in Resources */ = {isa = PBXBuildFile; fileRef = 143039272B395E36008DF17D /* Assets.xcassets */; };
		1430392B2B395E36008DF17D /* Preview Assets.xcassets in Resources */ = {isa = PBXBuildFile; fileRef = 1430392A2B395E36008DF17D /* Preview Assets.xcassets */; };
		143039322B395E94008DF17D /* SplashScreen.swift in Sources */ = {isa = PBXBuildFile; fileRef = 143039312B395E94008DF17D /* SplashScreen.swift */; };
		143039342B395EBF008DF17D /* YourPathView.swift in Sources */ = {isa = PBXBuildFile; fileRef = 143039332B395EBF008DF17D /* YourPathView.swift */; };
		143039362B395EE1008DF17D /* DestinationView.swift in Sources */ = {isa = PBXBuildFile; fileRef = 143039352B395EE1008DF17D /* DestinationView.swift */; };
		143039382B395EF2008DF17D /* SportView.swift in Sources */ = {isa = PBXBuildFile; fileRef = 143039372B395EF2008DF17D /* SportView.swift */; };
		1430393A2B395F05008DF17D /* DiscoverSelfView.swift in Sources */ = {isa = PBXBuildFile; fileRef = 143039392B395F05008DF17D /* DiscoverSelfView.swift */; };
		1430393D2B395F43008DF17D /* Localizable.strings in Resources */ = {isa = PBXBuildFile; fileRef = 1430393F2B395F43008DF17D /* Localizable.strings */; };
		144C528A2B3B74EB007122B7 /* DarkVid.mp4 in Resources */ = {isa = PBXBuildFile; fileRef = 144C52892B3B74E4007122B7 /* DarkVid.mp4 */; };
		144C528B2B3B74EB007122B7 /* VID.mp4 in Resources */ = {isa = PBXBuildFile; fileRef = 144C52882B3B74E4007122B7 /* VID.mp4 */; };
		144C528D2B3C0724007122B7 /* onbording .swift in Sources */ = {isa = PBXBuildFile; fileRef = 144C528C2B3C0724007122B7 /* onbording .swift */; };
/* End PBXBuildFile section */

/* Begin PBXFileReference section */
		143039202B395E35008DF17D /* App_DecisionDive.app */ = {isa = PBXFileReference; explicitFileType = wrapper.application; includeInIndex = 0; path = App_DecisionDive.app; sourceTree = BUILT_PRODUCTS_DIR; };
		143039232B395E35008DF17D /* App_DecisionDiveApp.swift */ = {isa = PBXFileReference; lastKnownFileType = sourcecode.swift; path = App_DecisionDiveApp.swift; sourceTree = "<group>"; };
		143039252B395E35008DF17D /* ContentView.swift */ = {isa = PBXFileReference; lastKnownFileType = sourcecode.swift; path = ContentView.swift; sourceTree = "<group>"; };
		143039272B395E36008DF17D /* Assets.xcassets */ = {isa = PBXFileReference; lastKnownFileType = folder.assetcatalog; path = Assets.xcassets; sourceTree = "<group>"; };
		1430392A2B395E36008DF17D /* Preview Assets.xcassets */ = {isa = PBXFileReference; lastKnownFileType = folder.assetcatalog; path = "Preview Assets.xcassets"; sourceTree = "<group>"; };
		143039312B395E94008DF17D /* SplashScreen.swift */ = {isa = PBXFileReference; lastKnownFileType = sourcecode.swift; path = SplashScreen.swift; sourceTree = "<group>"; };
		143039332B395EBF008DF17D /* YourPathView.swift */ = {isa = PBXFileReference; lastKnownFileType = sourcecode.swift; path = YourPathView.swift; sourceTree = "<group>"; };
		143039352B395EE1008DF17D /* DestinationView.swift */ = {isa = PBXFileReference; lastKnownFileType = sourcecode.swift; path = DestinationView.swift; sourceTree = "<group>"; };
		143039372B395EF2008DF17D /* SportView.swift */ = {isa = PBXFileReference; lastKnownFileType = sourcecode.swift; path = SportView.swift; sourceTree = "<group>"; };
		143039392B395F05008DF17D /* DiscoverSelfView.swift */ = {isa = PBXFileReference; lastKnownFileType = sourcecode.swift; path = DiscoverSelfView.swift; sourceTree = "<group>"; };
		1430393E2B395F43008DF17D /* en */ = {isa = PBXFileReference; lastKnownFileType = text.plist.strings; name = en; path = en.lproj/Localizable.strings; sourceTree = "<group>"; };
		143039402B395F44008DF17D /* ar */ = {isa = PBXFileReference; lastKnownFileType = text.plist.strings; name = ar; path = ar.lproj/Localizable.strings; sourceTree = "<group>"; };
		144C52882B3B74E4007122B7 /* VID.mp4 */ = {isa = PBXFileReference; lastKnownFileType = file; name = VID.mp4; path = ../../VID.mp4; sourceTree = "<group>"; };
		144C52892B3B74E4007122B7 /* DarkVid.mp4 */ = {isa = PBXFileReference; lastKnownFileType = file; name = DarkVid.mp4; path = ../../DarkVid.mp4; sourceTree = "<group>"; };
		144C528C2B3C0724007122B7 /* onbording .swift */ = {isa = PBXFileReference; lastKnownFileType = sourcecode.swift; path = "onbording .swift"; sourceTree = "<group>"; };
/* End PBXFileReference section */

/* Begin PBXFrameworksBuildPhase section */
		1430391D2B395E35008DF17D /* Frameworks */ = {
			isa = PBXFrameworksBuildPhase;
			buildActionMask = 2147483647;
			files = (
			);
			runOnlyForDeploymentPostprocessing = 0;
		};
/* End PBXFrameworksBuildPhase section */

/* Begin PBXGroup section */
		143039172B395E35008DF17D = {
			isa = PBXGroup;
			children = (
				143039222B395E35008DF17D /* App_DecisionDive */,
				143039212B395E35008DF17D /* Products */,
			);
			sourceTree = "<group>";
		};
		143039212B395E35008DF17D /* Products */ = {
			isa = PBXGroup;
			children = (
				143039202B395E35008DF17D /* App_DecisionDive.app */,
			);
			name = Products;
			sourceTree = "<group>";
		};
		143039222B395E35008DF17D /* App_DecisionDive */ = {
			isa = PBXGroup;
			children = (
				143039232B395E35008DF17D /* App_DecisionDiveApp.swift */,
				143039332B395EBF008DF17D /* YourPathView.swift */,
				143039252B395E35008DF17D /* ContentView.swift */,
				1430393F2B395F43008DF17D /* Localizable.strings */,
				143039352B395EE1008DF17D /* DestinationView.swift */,
				143039372B395EF2008DF17D /* SportView.swift */,
				144C528C2B3C0724007122B7 /* onbording .swift */,
				143039392B395F05008DF17D /* DiscoverSelfView.swift */,
				143039312B395E94008DF17D /* SplashScreen.swift */,
				144C52892B3B74E4007122B7 /* DarkVid.mp4 */,
				144C52882B3B74E4007122B7 /* VID.mp4 */,
				143039272B395E36008DF17D /* Assets.xcassets */,
				143039292B395E36008DF17D /* Preview Content */,
			);
			path = App_DecisionDive;
			sourceTree = "<group>";
		};
		143039292B395E36008DF17D /* Preview Content */ = {
			isa = PBXGroup;
			children = (
				1430392A2B395E36008DF17D /* Preview Assets.xcassets */,
			);
			path = "Preview Content";
			sourceTree = "<group>";
		};
/* End PBXGroup section */

/* Begin PBXNativeTarget section */
		1430391F2B395E35008DF17D /* App_DecisionDive */ = {
			isa = PBXNativeTarget;
			buildConfigurationList = 1430392E2B395E36008DF17D /* Build configuration list for PBXNativeTarget "App_DecisionDive" */;
			buildPhases = (
				1430391C2B395E35008DF17D /* Sources */,
				1430391D2B395E35008DF17D /* Frameworks */,
				1430391E2B395E35008DF17D /* Resources */,
			);
			buildRules = (
			);
			dependencies = (
			);
			name = App_DecisionDive;
			productName = App_DecisionDive;
			productReference = 143039202B395E35008DF17D /* App_DecisionDive.app */;
			productType = "com.apple.product-type.application";
		};
/* End PBXNativeTarget section */

/* Begin PBXProject section */
		143039182B395E35008DF17D /* Project object */ = {
			isa = PBXProject;
			attributes = {
				BuildIndependentTargetsInParallel = 1;
				LastSwiftUpdateCheck = 1510;
				LastUpgradeCheck = 1510;
				TargetAttributes = {
					1430391F2B395E35008DF17D = {
						CreatedOnToolsVersion = 15.1;
					};
				};
			};
			buildConfigurationList = 1430391B2B395E35008DF17D /* Build configuration list for PBXProject "App_DecisionDive" */;
			compatibilityVersion = "Xcode 14.0";
			developmentRegion = en;
			hasScannedForEncodings = 0;
			knownRegions = (
				en,
				Base,
				ar,
			);
			mainGroup = 143039172B395E35008DF17D;
			productRefGroup = 143039212B395E35008DF17D /* Products */;
			projectDirPath = "";
			projectRoot = "";
			targets = (
				1430391F2B395E35008DF17D /* App_DecisionDive */,
			);
		};
/* End PBXProject section */

/* Begin PBXResourcesBuildPhase section */
		1430391E2B395E35008DF17D /* Resources */ = {
			isa = PBXResourcesBuildPhase;
			buildActionMask = 2147483647;
			files = (
				144C528A2B3B74EB007122B7 /* DarkVid.mp4 in Resources */,
				144C528B2B3B74EB007122B7 /* VID.mp4 in Resources */,
				1430392B2B395E36008DF17D /* Preview Assets.xcassets in Resources */,
				1430393D2B395F43008DF17D /* Localizable.strings in Resources */,
				143039282B395E36008DF17D /* Assets.xcassets in Resources */,
			);
			runOnlyForDeploymentPostprocessing = 0;
		};
/* End PBXResourcesBuildPhase section */

/* Begin PBXSourcesBuildPhase section */
		1430391C2B395E35008DF17D /* Sources */ = {
			isa = PBXSourcesBuildPhase;
			buildActionMask = 2147483647;
			files = (
				143039342B395EBF008DF17D /* YourPathView.swift in Sources */,
				1430393A2B395F05008DF17D /* DiscoverSelfView.swift in Sources */,
				143039322B395E94008DF17D /* SplashScreen.swift in Sources */,
				143039362B395EE1008DF17D /* DestinationView.swift in Sources */,
				143039382B395EF2008DF17D /* SportView.swift in Sources */,
				144C528D2B3C0724007122B7 /* onbording .swift in Sources */,
				143039262B395E35008DF17D /* ContentView.swift in Sources */,
				143039242B395E35008DF17D /* App_DecisionDiveApp.swift in Sources */,
			);
			runOnlyForDeploymentPostprocessing = 0;
		};
/* End PBXSourcesBuildPhase section */

/* Begin PBXVariantGroup section */
		1430393F2B395F43008DF17D /* Localizable.strings */ = {
			isa = PBXVariantGroup;
			children = (
				1430393E2B395F43008DF17D /* en */,
				143039402B395F44008DF17D /* ar */,
			);
			name = Localizable.strings;
			sourceTree = "<group>";
		};
/* End PBXVariantGroup section */

/* Begin XCBuildConfiguration section */
		1430392C2B395E36008DF17D /* Debug */ = {
			isa = XCBuildConfiguration;
			buildSettings = {
				ALWAYS_SEARCH_USER_PATHS = NO;
				ASSETCATALOG_COMPILER_GENERATE_SWIFT_ASSET_SYMBOL_EXTENSIONS = YES;
				CLANG_ANALYZER_NONNULL = YES;
				CLANG_ANALYZER_NUMBER_OBJECT_CONVERSION = YES_AGGRESSIVE;
				CLANG_CXX_LANGUAGE_STANDARD = "gnu++20";
				CLANG_ENABLE_MODULES = YES;
				CLANG_ENABLE_OBJC_ARC = YES;
				CLANG_ENABLE_OBJC_WEAK = YES;
				CLANG_WARN_BLOCK_CAPTURE_AUTORELEASING = YES;
				CLANG_WARN_BOOL_CONVERSION = YES;
				CLANG_WARN_COMMA = YES;
				CLANG_WARN_CONSTANT_CONVERSION = YES;
				CLANG_WARN_DEPRECATED_OBJC_IMPLEMENTATIONS = YES;
				CLANG_WARN_DIRECT_OBJC_ISA_USAGE = YES_ERROR;
				CLANG_WARN_DOCUMENTATION_COMMENTS = YES;
				CLANG_WARN_EMPTY_BODY = YES;
				CLANG_WARN_ENUM_CONVERSION = YES;
				CLANG_WARN_INFINITE_RECURSION = YES;
				CLANG_WARN_INT_CONVERSION = YES;
				CLANG_WARN_NON_LITERAL_NULL_CONVERSION = YES;
				CLANG_WARN_OBJC_IMPLICIT_RETAIN_SELF = YES;
				CLANG_WARN_OBJC_LITERAL_CONVERSION = YES;
				CLANG_WARN_OBJC_ROOT_CLASS = YES_ERROR;
				CLANG_WARN_QUOTED_INCLUDE_IN_FRAMEWORK_HEADER = YES;
				CLANG_WARN_RANGE_LOOP_ANALYSIS = YES;
				CLANG_WARN_STRICT_PROTOTYPES = YES;
				CLANG_WARN_SUSPICIOUS_MOVE = YES;
				CLANG_WARN_UNGUARDED_AVAILABILITY = YES_AGGRESSIVE;
				CLANG_WARN_UNREACHABLE_CODE = YES;
				CLANG_WARN__DUPLICATE_METHOD_MATCH = YES;
				COPY_PHASE_STRIP = NO;
				DEBUG_INFORMATION_FORMAT = dwarf;
				ENABLE_STRICT_OBJC_MSGSEND = YES;
				ENABLE_TESTABILITY = YES;
				ENABLE_USER_SCRIPT_SANDBOXING = YES;
				GCC_C_LANGUAGE_STANDARD = gnu17;
				GCC_DYNAMIC_NO_PIC = NO;
				GCC_NO_COMMON_BLOCKS = YES;
				GCC_OPTIMIZATION_LEVEL = 0;
				GCC_PREPROCESSOR_DEFINITIONS = (
					"DEBUG=1",
					"$(inherited)",
				);
				GCC_WARN_64_TO_32_BIT_CONVERSION = YES;
				GCC_WARN_ABOUT_RETURN_TYPE = YES_ERROR;
				GCC_WARN_UNDECLARED_SELECTOR = YES;
				GCC_WARN_UNINITIALIZED_AUTOS = YES_AGGRESSIVE;
				GCC_WARN_UNUSED_FUNCTION = YES;
				GCC_WARN_UNUSED_VARIABLE = YES;
				IPHONEOS_DEPLOYMENT_TARGET = 17.2;
				LOCALIZATION_PREFERS_STRING_CATALOGS = YES;
				MTL_ENABLE_DEBUG_INFO = INCLUDE_SOURCE;
				MTL_FAST_MATH = YES;
				ONLY_ACTIVE_ARCH = YES;
				SDKROOT = iphoneos;
				SWIFT_ACTIVE_COMPILATION_CONDITIONS = "DEBUG $(inherited)";
				SWIFT_OPTIMIZATION_LEVEL = "-Onone";
			};
			name = Debug;
		};
		1430392D2B395E36008DF17D /* Release */ = {
			isa = XCBuildConfiguration;
			buildSettings = {
				ALWAYS_SEARCH_USER_PATHS = NO;
				ASSETCATALOG_COMPILER_GENERATE_SWIFT_ASSET_SYMBOL_EXTENSIONS = YES;
				CLANG_ANALYZER_NONNULL = YES;
				CLANG_ANALYZER_NUMBER_OBJECT_CONVERSION = YES_AGGRESSIVE;
				CLANG_CXX_LANGUAGE_STANDARD = "gnu++20";
				CLANG_ENABLE_MODULES = YES;
				CLANG_ENABLE_OBJC_ARC = YES;
				CLANG_ENABLE_OBJC_WEAK = YES;
				CLANG_WARN_BLOCK_CAPTURE_AUTORELEASING = YES;
				CLANG_WARN_BOOL_CONVERSION = YES;
				CLANG_WARN_COMMA = YES;
				CLANG_WARN_CONSTANT_CONVERSION = YES;
				CLANG_WARN_DEPRECATED_OBJC_IMPLEMENTATIONS = YES;
				CLANG_WARN_DIRECT_OBJC_ISA_USAGE = YES_ERROR;
				CLANG_WARN_DOCUMENTATION_COMMENTS = YES;
				CLANG_WARN_EMPTY_BODY = YES;
				CLANG_WARN_ENUM_CONVERSION = YES;
				CLANG_WARN_INFINITE_RECURSION = YES;
				CLANG_WARN_INT_CONVERSION = YES;
				CLANG_WARN_NON_LITERAL_NULL_CONVERSION = YES;
				CLANG_WARN_OBJC_IMPLICIT_RETAIN_SELF = YES;
				CLANG_WARN_OBJC_LITERAL_CONVERSION = YES;
				CLANG_WARN_OBJC_ROOT_CLASS = YES_ERROR;
				CLANG_WARN_QUOTED_INCLUDE_IN_FRAMEWORK_HEADER = YES;
				CLANG_WARN_RANGE_LOOP_ANALYSIS = YES;
				CLANG_WARN_STRICT_PROTOTYPES = YES;
				CLANG_WARN_SUSPICIOUS_MOVE = YES;
				CLANG_WARN_UNGUARDED_AVAILABILITY = YES_AGGRESSIVE;
				CLANG_WARN_UNREACHABLE_CODE = YES;
				CLANG_WARN__DUPLICATE_METHOD_MATCH = YES;
				COPY_PHASE_STRIP = NO;
				DEBUG_INFORMATION_FORMAT = "dwarf-with-dsym";
				ENABLE_NS_ASSERTIONS = NO;
				ENABLE_STRICT_OBJC_MSGSEND = YES;
				ENABLE_USER_SCRIPT_SANDBOXING = YES;
				GCC_C_LANGUAGE_STANDARD = gnu17;
				GCC_NO_COMMON_BLOCKS = YES;
				GCC_WARN_64_TO_32_BIT_CONVERSION = YES;
				GCC_WARN_ABOUT_RETURN_TYPE = YES_ERROR;
				GCC_WARN_UNDECLARED_SELECTOR = YES;
				GCC_WARN_UNINITIALIZED_AUTOS = YES_AGGRESSIVE;
				GCC_WARN_UNUSED_FUNCTION = YES;
				GCC_WARN_UNUSED_VARIABLE = YES;
				IPHONEOS_DEPLOYMENT_TARGET = 17.2;
				LOCALIZATION_PREFERS_STRING_CATALOGS = YES;
				MTL_ENABLE_DEBUG_INFO = NO;
				MTL_FAST_MATH = YES;
				SDKROOT = iphoneos;
				SWIFT_COMPILATION_MODE = wholemodule;
				VALIDATE_PRODUCT = YES;
			};
			name = Release;
		};
		1430392F2B395E36008DF17D /* Debug */ = {
			isa = XCBuildConfiguration;
			buildSettings = {
				ASSETCATALOG_COMPILER_APPICON_NAME = AppIcon;
				ASSETCATALOG_COMPILER_GLOBAL_ACCENT_COLOR_NAME = AccentColor;
				CODE_SIGN_STYLE = Automatic;
				CURRENT_PROJECT_VERSION = 1;
				DEVELOPMENT_ASSET_PATHS = "\"App_DecisionDive/Preview Content\"";
				DEVELOPMENT_TEAM = W6CBPL5U8L;
				ENABLE_PREVIEWS = YES;
				GENERATE_INFOPLIST_FILE = YES;
				INFOPLIST_KEY_UIApplicationSceneManifest_Generation = YES;
				INFOPLIST_KEY_UIApplicationSupportsIndirectInputEvents = YES;
				INFOPLIST_KEY_UILaunchScreen_Generation = YES;
				INFOPLIST_KEY_UISupportedInterfaceOrientations_iPad = "UIInterfaceOrientationPortrait UIInterfaceOrientationPortraitUpsideDown UIInterfaceOrientationLandscapeLeft UIInterfaceOrientationLandscapeRight";
				INFOPLIST_KEY_UISupportedInterfaceOrientations_iPhone = "UIInterfaceOrientationPortrait UIInterfaceOrientationLandscapeLeft UIInterfaceOrientationLandscapeRight";
				LD_RUNPATH_SEARCH_PATHS = (
					"$(inherited)",
					"@executable_path/Frameworks",
				);
				MARKETING_VERSION = 1.0;
				PRODUCT_BUNDLE_IDENTIFIER = "none.App-DecisionDive";
				PRODUCT_NAME = "$(TARGET_NAME)";
				SWIFT_EMIT_LOC_STRINGS = YES;
				SWIFT_VERSION = 5.0;
				TARGETED_DEVICE_FAMILY = "1,2";
			};
			name = Debug;
		};
		143039302B395E36008DF17D /* Release */ = {
			isa = XCBuildConfiguration;
			buildSettings = {
				ASSETCATALOG_COMPILER_APPICON_NAME = AppIcon;
				ASSETCATALOG_COMPILER_GLOBAL_ACCENT_COLOR_NAME = AccentColor;
				CODE_SIGN_STYLE = Automatic;
				CURRENT_PROJECT_VERSION = 1;
				DEVELOPMENT_ASSET_PATHS = "\"App_DecisionDive/Preview Content\"";
				DEVELOPMENT_TEAM = W6CBPL5U8L;
				ENABLE_PREVIEWS = YES;
				GENERATE_INFOPLIST_FILE = YES;
				INFOPLIST_KEY_UIApplicationSceneManifest_Generation = YES;
				INFOPLIST_KEY_UIApplicationSupportsIndirectInputEvents = YES;
				INFOPLIST_KEY_UILaunchScreen_Generation = YES;
				INFOPLIST_KEY_UISupportedInterfaceOrientations_iPad = "UIInterfaceOrientationPortrait UIInterfaceOrientationPortraitUpsideDown UIInterfaceOrientationLandscapeLeft UIInterfaceOrientationLandscapeRight";
				INFOPLIST_KEY_UISupportedInterfaceOrientations_iPhone = "UIInterfaceOrientationPortrait UIInterfaceOrientationLandscapeLeft UIInterfaceOrientationLandscapeRight";
				LD_RUNPATH_SEARCH_PATHS = (
					"$(inherited)",
					"@executable_path/Frameworks",
				);
				MARKETING_VERSION = 1.0;
				PRODUCT_BUNDLE_IDENTIFIER = "none.App-DecisionDive";
				PRODUCT_NAME = "$(TARGET_NAME)";
				SWIFT_EMIT_LOC_STRINGS = YES;
				SWIFT_VERSION = 5.0;
				TARGETED_DEVICE_FAMILY = "1,2";
			};
			name = Release;
		};
/* End XCBuildConfiguration section */

/* Begin XCConfigurationList section */
		1430391B2B395E35008DF17D /* Build configuration list for PBXProject "App_DecisionDive" */ = {
			isa = XCConfigurationList;
			buildConfigurations = (
				1430392C2B395E36008DF17D /* Debug */,
				1430392D2B395E36008DF17D /* Release */,
			);
			defaultConfigurationIsVisible = 0;
			defaultConfigurationName = Release;
		};
		1430392E2B395E36008DF17D /* Build configuration list for PBXNativeTarget "App_DecisionDive" */ = {
			isa = XCConfigurationList;
			buildConfigurations = (
				1430392F2B395E36008DF17D /* Debug */,
				143039302B395E36008DF17D /* Release */,
			);
			defaultConfigurationIsVisible = 0;
			defaultConfigurationName = Release;
		};
/* End XCConfigurationList section */
	};
	rootObject = 143039182B395E35008DF17D /* Project object */;
}
